// !$*UTF8*$!
{
	archiveVersion = 1;
	classes = {
	};
	objectVersion = 50;
	objects = {

/* Begin PBXBuildFile section */
		E36E179524B9EF4E00058824 /* AppDelegate.swift in Sources */ = {isa = PBXBuildFile; fileRef = E36E179424B9EF4E00058824 /* AppDelegate.swift */; };
		E36E179724B9EF4E00058824 /* SceneDelegate.swift in Sources */ = {isa = PBXBuildFile; fileRef = E36E179624B9EF4E00058824 /* SceneDelegate.swift */; };
		E36E179924B9EF4E00058824 /* ViewController.swift in Sources */ = {isa = PBXBuildFile; fileRef = E36E179824B9EF4E00058824 /* ViewController.swift */; };
		E36E179C24B9EF4E00058824 /* Main.storyboard in Resources */ = {isa = PBXBuildFile; fileRef = E36E179A24B9EF4E00058824 /* Main.storyboard */; };
		E36E179E24B9EF5200058824 /* Assets.xcassets in Resources */ = {isa = PBXBuildFile; fileRef = E36E179D24B9EF5200058824 /* Assets.xcassets */; };
		E36E17A124B9EF5200058824 /* LaunchScreen.storyboard in Resources */ = {isa = PBXBuildFile; fileRef = E36E179F24B9EF5200058824 /* LaunchScreen.storyboard */; };
/* End PBXBuildFile section */

/* Begin PBXFileReference section */
		E36E179124B9EF4E00058824 /* Flash Party.app */ = {isa = PBXFileReference; explicitFileType = wrapper.application; includeInIndex = 0; path = "Flash Party.app"; sourceTree = BUILT_PRODUCTS_DIR; };
		E36E179424B9EF4E00058824 /* AppDelegate.swift */ = {isa = PBXFileReference; lastKnownFileType = sourcecode.swift; path = AppDelegate.swift; sourceTree = "<group>"; };
		E36E179624B9EF4E00058824 /* SceneDelegate.swift */ = {isa = PBXFileReference; lastKnownFileType = sourcecode.swift; path = SceneDelegate.swift; sourceTree = "<group>"; };
		E36E179824B9EF4E00058824 /* ViewController.swift */ = {isa = PBXFileReference; lastKnownFileType = sourcecode.swift; path = ViewController.swift; sourceTree = "<group>"; };
		E36E179B24B9EF4E00058824 /* Base */ = {isa = PBXFileReference; lastKnownFileType = file.storyboard; name = Base; path = Base.lproj/Main.storyboard; sourceTree = "<group>"; };
		E36E179D24B9EF5200058824 /* Assets.xcassets */ = {isa = PBXFileReference; lastKnownFileType = folder.assetcatalog; path = Assets.xcassets; sourceTree = "<group>"; };
		E36E17A024B9EF5200058824 /* Base */ = {isa = PBXFileReference; lastKnownFileType = file.storyboard; name = Base; path = Base.lproj/LaunchScreen.storyboard; sourceTree = "<group>"; };
		E36E17A224B9EF5200058824 /* Info.plist */ = {isa = PBXFileReference; lastKnownFileType = text.plist.xml; path = Info.plist; sourceTree = "<group>"; };
/* End PBXFileReference section */

/* Begin PBXFrameworksBuildPhase section */
		E36E178E24B9EF4E00058824 /* Frameworks */ = {
			isa = PBXFrameworksBuildPhase;
			buildActionMask = 2147483647;
			files = (
			);
			runOnlyForDeploymentPostprocessing = 0;
		};
/* End PBXFrameworksBuildPhase section */

/* Begin PBXGroup section */
		E36E178824B9EF4E00058824 = {
			isa = PBXGroup;
			children = (
				E36E179324B9EF4E00058824 /* Flash Party */,
				E36E179224B9EF4E00058824 /* Products */,
			);
			sourceTree = "<group>";
		};
		E36E179224B9EF4E00058824 /* Products */ = {
			isa = PBXGroup;
			children = (
				E36E179124B9EF4E00058824 /* Flash Party.app */,
			);
			name = Products;
			sourceTree = "<group>";
		};
		E36E179324B9EF4E00058824 /* Flash Party */ = {
			isa = PBXGroup;
			children = (
				E36E179424B9EF4E00058824 /* AppDelegate.swift */,
				E36E179624B9EF4E00058824 /* SceneDelegate.swift */,
				E36E179824B9EF4E00058824 /* ViewController.swift */,
				E36E179A24B9EF4E00058824 /* Main.storyboard */,
				E36E179D24B9EF5200058824 /* Assets.xcassets */,
				E36E179F24B9EF5200058824 /* LaunchScreen.storyboard */,
				E36E17A224B9EF5200058824 /* Info.plist */,
			);
			path = "Flash Party";
			sourceTree = "<group>";
		};
/* End PBXGroup section */

/* Begin PBXNativeTarget section */
		E36E179024B9EF4E00058824 /* Flash Party */ = {
			isa = PBXNativeTarget;
			buildConfigurationList = E36E17A524B9EF5200058824 /* Build configuration list for PBXNativeTarget "Flash Party" */;
			buildPhases = (
				E36E178D24B9EF4E00058824 /* Sources */,
				E36E178E24B9EF4E00058824 /* Frameworks */,
				E36E178F24B9EF4E00058824 /* Resources */,
			);
			buildRules = (
			);
			dependencies = (
			);
			name = "Flash Party";
			productName = "Flash Party";
			productReference = E36E179124B9EF4E00058824 /* Flash Party.app */;
			productType = "com.apple.product-type.application";
		};
/* End PBXNativeTarget section */

/* Begin PBXProject section */
		E36E178924B9EF4E00058824 /* Project object */ = {
			isa = PBXProject;
			attributes = {
				LastSwiftUpdateCheck = 1150;
				LastUpgradeCheck = 1150;
				ORGANIZATIONNAME = ArtistSamyak;
				TargetAttributes = {
					E36E179024B9EF4E00058824 = {
						CreatedOnToolsVersion = 11.5;
					};
				};
			};
			buildConfigurationList = E36E178C24B9EF4E00058824 /* Build configuration list for PBXProject "Flash Party" */;
			compatibilityVersion = "Xcode 9.3";
			developmentRegion = en;
			hasScannedForEncodings = 0;
			knownRegions = (
				en,
				Base,
			);
			mainGroup = E36E178824B9EF4E00058824;
			productRefGroup = E36E179224B9EF4E00058824 /* Products */;
			projectDirPath = "";
			projectRoot = "";
			targets = (
				E36E179024B9EF4E00058824 /* Flash Party */,
			);
		};
/* End PBXProject section */

/* Begin PBXResourcesBuildPhase section */
		E36E178F24B9EF4E00058824 /* Resources */ = {
			isa = PBXResourcesBuildPhase;
			buildActionMask = 2147483647;
			files = (
				E36E17A124B9EF5200058824 /* LaunchScreen.storyboard in Resources */,
				E36E179E24B9EF5200058824 /* Assets.xcassets in Resources */,
				E36E179C24B9EF4E00058824 /* Main.storyboard in Resources */,
			);
			runOnlyForDeploymentPostprocessing = 0;
		};
/* End PBXResourcesBuildPhase section */

/* Begin PBXSourcesBuildPhase section */
		E36E178D24B9EF4E00058824 /* Sources */ = {
			isa = PBXSourcesBuildPhase;
			buildActionMask = 2147483647;
			files = (
				E36E179924B9EF4E00058824 /* ViewController.swift in Sources */,
				E36E179524B9EF4E00058824 /* AppDelegate.swift in Sources */,
				E36E179724B9EF4E00058824 /* SceneDelegate.swift in Sources */,
			);
			runOnlyForDeploymentPostprocessing = 0;
		};
/* End PBXSourcesBuildPhase section */

/* Begin PBXVariantGroup section */
		E36E179A24B9EF4E00058824 /* Main.storyboard */ = {
			isa = PBXVariantGroup;
			children = (
				E36E179B24B9EF4E00058824 /* Base */,
			);
			name = Main.storyboard;
			sourceTree = "<group>";
		};
		E36E179F24B9EF5200058824 /* LaunchScreen.storyboard */ = {
			isa = PBXVariantGroup;
			children = (
				E36E17A024B9EF5200058824 /* Base */,
			);
			name = LaunchScreen.storyboard;
			sourceTree = "<group>";
		};
/* End PBXVariantGroup section */

/* Begin XCBuildConfiguration section */
		E36E17A324B9EF5200058824 /* Debug */ = {
			isa = XCBuildConfiguration;
			buildSettings = {
				ALWAYS_SEARCH_USER_PATHS = NO;
				CLANG_ANALYZER_NONNULL = YES;
				CLANG_ANALYZER_NUMBER_OBJECT_CONVERSION = YES_AGGRESSIVE;
				CLANG_CXX_LANGUAGE_STANDARD = "gnu++14";
				CLANG_CXX_LIBRARY = "libc++";
				CLANG_ENABLE_MODULES = YES;
				CLANG_ENABLE_OBJC_ARC = YES;
				CLANG_ENABLE_OBJC_WEAK = YES;
				CLANG_WARN_BLOCK_CAPTURE_AUTORELEASING = YES;
				CLANG_WARN_BOOL_CONVERSION = YES;
				CLANG_WARN_COMMA = YES;
				CLANG_WARN_CONSTANT_CONVERSION = YES;
				CLANG_WARN_DEPRECATED_OBJC_IMPLEMENTATIONS = YES;
				CLANG_WARN_DIRECT_OBJC_ISA_USAGE = YES_ERROR;
				CLANG_WARN_DOCUMENTATION_COMMENTS = YES;
				CLANG_WARN_EMPTY_BODY = YES;
				CLANG_WARN_ENUM_CONVERSION = YES;
				CLANG_WARN_INFINITE_RECURSION = YES;
				CLANG_WARN_INT_CONVERSION = YES;
				CLANG_WARN_NON_LITERAL_NULL_CONVERSION = YES;
				CLANG_WARN_OBJC_IMPLICIT_RETAIN_SELF = YES;
				CLANG_WARN_OBJC_LITERAL_CONVERSION = YES;
				CLANG_WARN_OBJC_ROOT_CLASS = YES_ERROR;
				CLANG_WARN_RANGE_LOOP_ANALYSIS = YES;
				CLANG_WARN_STRICT_PROTOTYPES = YES;
				CLANG_WARN_SUSPICIOUS_MOVE = YES;
				CLANG_WARN_UNGUARDED_AVAILABILITY = YES_AGGRESSIVE;
				CLANG_WARN_UNREACHABLE_CODE = YES;
				CLANG_WARN__DUPLICATE_METHOD_MATCH = YES;
				COPY_PHASE_STRIP = NO;
				DEBUG_INFORMATION_FORMAT = dwarf;
				ENABLE_STRICT_OBJC_MSGSEND = YES;
				ENABLE_TESTABILITY = YES;
				GCC_C_LANGUAGE_STANDARD = gnu11;
				GCC_DYNAMIC_NO_PIC = NO;
				GCC_NO_COMMON_BLOCKS = YES;
				GCC_OPTIMIZATION_LEVEL = 0;
				GCC_PREPROCESSOR_DEFINITIONS = (
					"DEBUG=1",
					"$(inherited)",
				);
				GCC_WARN_64_TO_32_BIT_CONVERSION = YES;
				GCC_WARN_ABOUT_RETURN_TYPE = YES_ERROR;
				GCC_WARN_UNDECLARED_SELECTOR = YES;
				GCC_WARN_UNINITIALIZED_AUTOS = YES_AGGRESSIVE;
				GCC_WARN_UNUSED_FUNCTION = YES;
				GCC_WARN_UNUSED_VARIABLE = YES;
				IPHONEOS_DEPLOYMENT_TARGET = 13.5;
				MTL_ENABLE_DEBUG_INFO = INCLUDE_SOURCE;
				MTL_FAST_MATH = YES;
				ONLY_ACTIVE_ARCH = YES;
				SDKROOT = iphoneos;
				SWIFT_ACTIVE_COMPILATION_CONDITIONS = DEBUG;
				SWIFT_OPTIMIZATION_LEVEL = "-Onone";
			};
			name = Debug;
		};
		E36E17A424B9EF5200058824 /* Release */ = {
			isa = XCBuildConfiguration;
			buildSettings = {
				ALWAYS_SEARCH_USER_PATHS = NO;
				CLANG_ANALYZER_NONNULL = YES;
				CLANG_ANALYZER_NUMBER_OBJECT_CONVERSION = YES_AGGRESSIVE;
				CLANG_CXX_LANGUAGE_STANDARD = "gnu++14";
				CLANG_CXX_LIBRARY = "libc++";
				CLANG_ENABLE_MODULES = YES;
				CLANG_ENABLE_OBJC_ARC = YES;
				CLANG_ENABLE_OBJC_WEAK = YES;
				CLANG_WARN_BLOCK_CAPTURE_AUTORELEASING = YES;
				CLANG_WARN_BOOL_CONVERSION = YES;
				CLANG_WARN_COMMA = YES;
				CLANG_WARN_CONSTANT_CONVERSION = YES;
				CLANG_WARN_DEPRECATED_OBJC_IMPLEMENTATIONS = YES;
				CLANG_WARN_DIRECT_OBJC_ISA_USAGE = YES_ERROR;
				CLANG_WARN_DOCUMENTATION_COMMENTS = YES;
				CLANG_WARN_EMPTY_BODY = YES;
				CLANG_WARN_ENUM_CONVERSION = YES;
				CLANG_WARN_INFINITE_RECURSION = YES;
				CLANG_WARN_INT_CONVERSION = YES;
				CLANG_WARN_NON_LITERAL_NULL_CONVERSION = YES;
				CLANG_WARN_OBJC_IMPLICIT_RETAIN_SELF = YES;
				CLANG_WARN_OBJC_LITERAL_CONVERSION = YES;
				CLANG_WARN_OBJC_ROOT_CLASS = YES_ERROR;
				CLANG_WARN_RANGE_LOOP_ANALYSIS = YES;
				CLANG_WARN_STRICT_PROTOTYPES = YES;
				CLANG_WARN_SUSPICIOUS_MOVE = YES;
				CLANG_WARN_UNGUARDED_AVAILABILITY = YES_AGGRESSIVE;
				CLANG_WARN_UNREACHABLE_CODE = YES;
				CLANG_WARN__DUPLICATE_METHOD_MATCH = YES;
				COPY_PHASE_STRIP = NO;
				DEBUG_INFORMATION_FORMAT = "dwarf-with-dsym";
				ENABLE_NS_ASSERTIONS = NO;
				ENABLE_STRICT_OBJC_MSGSEND = YES;
				GCC_C_LANGUAGE_STANDARD = gnu11;
				GCC_NO_COMMON_BLOCKS = YES;
				GCC_WARN_64_TO_32_BIT_CONVERSION = YES;
				GCC_WARN_ABOUT_RETURN_TYPE = YES_ERROR;
				GCC_WARN_UNDECLARED_SELECTOR = YES;
				GCC_WARN_UNINITIALIZED_AUTOS = YES_AGGRESSIVE;
				GCC_WARN_UNUSED_FUNCTION = YES;
				GCC_WARN_UNUSED_VARIABLE = YES;
				IPHONEOS_DEPLOYMENT_TARGET = 13.5;
				MTL_ENABLE_DEBUG_INFO = NO;
				MTL_FAST_MATH = YES;
				SDKROOT = iphoneos;
				SWIFT_COMPILATION_MODE = wholemodule;
				SWIFT_OPTIMIZATION_LEVEL = "-O";
				VALIDATE_PRODUCT = YES;
			};
			name = Release;
		};
		E36E17A624B9EF5200058824 /* Debug */ = {
			isa = XCBuildConfiguration;
			buildSettings = {
				ASSETCATALOG_COMPILER_APPICON_NAME = AppIcon;
				CODE_SIGN_STYLE = Automatic;
				DEVELOPMENT_TEAM = G9D632BTGH;
				INFOPLIST_FILE = "Flash Party/Info.plist";
				LD_RUNPATH_SEARCH_PATHS = (
					"$(inherited)",
					"@executable_path/Frameworks",
				);
				PRODUCT_BUNDLE_IDENTIFIER = "com.ArtistSamyak.Flash-Party";
				PRODUCT_NAME = "$(TARGET_NAME)";
				SWIFT_VERSION = 5.0;
				TARGETED_DEVICE_FAMILY = "1,2";
			};
			name = Debug;
		};
		E36E17A724B9EF5200058824 /* Release */ = {
			isa = XCBuildConfiguration;
			buildSettings = {
				ASSETCATALOG_COMPILER_APPICON_NAME = AppIcon;
				CODE_SIGN_STYLE = Automatic;
				DEVELOPMENT_TEAM = G9D632BTGH;
				INFOPLIST_FILE = "Flash Party/Info.plist";
				LD_RUNPATH_SEARCH_PATHS = (
					"$(inherited)",
					"@executable_path/Frameworks",
				);
				PRODUCT_BUNDLE_IDENTIFIER = "com.ArtistSamyak.Flash-Party";
				PRODUCT_NAME = "$(TARGET_NAME)";
				SWIFT_VERSION = 5.0;
				TARGETED_DEVICE_FAMILY = "1,2";
			};
			name = Release;
		};
/* End XCBuildConfiguration section */

/* Begin XCConfigurationList section */
		E36E178C24B9EF4E00058824 /* Build configuration list for PBXProject "Flash Party" */ = {
			isa = XCConfigurationList;
			buildConfigurations = (
				E36E17A324B9EF5200058824 /* Debug */,
				E36E17A424B9EF5200058824 /* Release */,
			);
			defaultConfigurationIsVisible = 0;
			defaultConfigurationName = Release;
		};
		E36E17A524B9EF5200058824 /* Build configuration list for PBXNativeTarget "Flash Party" */ = {
			isa = XCConfigurationList;
			buildConfigurations = (
				E36E17A624B9EF5200058824 /* Debug */,
				E36E17A724B9EF5200058824 /* Release */,
			);
			defaultConfigurationIsVisible = 0;
			defaultConfigurationName = Release;
		};
/* End XCConfigurationList section */
	};
	rootObject = E36E178924B9EF4E00058824 /* Project object */;
}
